
Microsoft Visual Studio Solution File, Format Version 12.00
# Visual Studio Version 16
VisualStudioVersion = 16.0.810.0
MinimumVisualStudioVersion = 10.0.40219.1
Project("{FAE04EC0-301F-11D3-BF4B-00C04F79EFBC}") = "simpleDice", "simpleDice\simpleDice.csproj", "{7B7B9EE7-F52B-4A13-8C53-BB16E567B04F}"
EndProject
Project("{FAE04EC0-301F-11D3-BF4B-00C04F79EFBC}") = "simpleDiceTest", "simpleDiceTest\simpleDiceTest.csproj", "{D01DEE21-209D-48DB-81F5-5B07F6B0BCDA}"
EndProject
Global
	GlobalSection(SolutionConfigurationPlatforms) = preSolution
		Debug|Any CPU = Debug|Any CPU
		Release|Any CPU = Release|Any CPU
	EndGlobalSection
	GlobalSection(ProjectConfigurationPlatforms) = postSolution
		{7B7B9EE7-F52B-4A13-8C53-BB16E567B04F}.Debug|Any CPU.ActiveCfg = Debug|Any CPU
		{7B7B9EE7-F52B-4A13-8C53-BB16E567B04F}.Debug|Any CPU.Build.0 = Debug|Any CPU
		{7B7B9EE7-F52B-4A13-8C53-BB16E567B04F}.Release|Any CPU.ActiveCfg = Release|Any CPU
		{7B7B9EE7-F52B-4A13-8C53-BB16E567B04F}.Release|Any CPU.Build.0 = Release|Any CPU
		{D01DEE21-209D-48DB-81F5-5B07F6B0BCDA}.Debug|Any CPU.ActiveCfg = Debug|Any CPU
		{D01DEE21-209D-48DB-81F5-5B07F6B0BCDA}.Debug|Any CPU.Build.0 = Debug|Any CPU
		{D01DEE21-209D-48DB-81F5-5B07F6B0BCDA}.Release|Any CPU.ActiveCfg = Release|Any CPU
		{D01DEE21-209D-48DB-81F5-5B07F6B0BCDA}.Release|Any CPU.Build.0 = Release|Any CPU
	EndGlobalSection
	GlobalSection(SolutionProperties) = preSolution
		HideSolutionNode = FALSE
	EndGlobalSection
	GlobalSection(ExtensibilityGlobals) = postSolution
		SolutionGuid = {309C0160-7E29-414D-942D-503897DC6987}
	EndGlobalSection
EndGlobal
